
Microsoft Visual Studio Solution File, Format Version 12.00
# Visual Studio Version 16
VisualStudioVersion = 16.0.30128.74
MinimumVisualStudioVersion = 10.0.40219.1
Project("{FAE04EC0-301F-11D3-BF4B-00C04F79EFBC}") = "Сервер", "Сервер.csproj", "{07A73389-4327-48C4-BF7E-AA0C348D5486}"
EndProject
Global
	GlobalSection(SolutionConfigurationPlatforms) = preSolution
		Debug|Any CPU = Debug|Any CPU
		Release|Any CPU = Release|Any CPU
	EndGlobalSection
	GlobalSection(ProjectConfigurationPlatforms) = postSolution
		{07A73389-4327-48C4-BF7E-AA0C348D5486}.Debug|Any CPU.ActiveCfg = Debug|Any CPU
		{07A73389-4327-48C4-BF7E-AA0C348D5486}.Debug|Any CPU.Build.0 = Debug|Any CPU
		{07A73389-4327-48C4-BF7E-AA0C348D5486}.Release|Any CPU.ActiveCfg = Release|Any CPU
		{07A73389-4327-48C4-BF7E-AA0C348D5486}.Release|Any CPU.Build.0 = Release|Any CPU
	EndGlobalSection
	GlobalSection(SolutionProperties) = preSolution
		HideSolutionNode = FALSE
	EndGlobalSection
	GlobalSection(ExtensibilityGlobals) = postSolution
		SolutionGuid = {F3003455-1C45-4F01-9AB7-EB94EAB54D60}
	EndGlobalSection
EndGlobal
